
Microsoft Visual Studio Solution File, Format Version 12.00
# Visual Studio Version 17
VisualStudioVersion = 17.14.36414.22 d17.14
MinimumVisualStudioVersion = 10.0.40219.1
Project("{FAE04EC0-301F-11D3-BF4B-00C04F79EFBC}") = "BibliotecaApp", "BibliotecaApp\BibliotecaApp.csproj", "{4D70EF59-7DC3-4306-92CE-4A49EC696B98}"
EndProject
Global
	GlobalSection(SolutionConfigurationPlatforms) = preSolution
		Debug|Any CPU = Debug|Any CPU
		Release|Any CPU = Release|Any CPU
	EndGlobalSection
	GlobalSection(ProjectConfigurationPlatforms) = postSolution
		{4D70EF59-7DC3-4306-92CE-4A49EC696B98}.Debug|Any CPU.ActiveCfg = Debug|Any CPU
		{4D70EF59-7DC3-4306-92CE-4A49EC696B98}.Debug|Any CPU.Build.0 = Debug|Any CPU
		{4D70EF59-7DC3-4306-92CE-4A49EC696B98}.Release|Any CPU.ActiveCfg = Release|Any CPU
		{4D70EF59-7DC3-4306-92CE-4A49EC696B98}.Release|Any CPU.Build.0 = Release|Any CPU
	EndGlobalSection
	GlobalSection(SolutionProperties) = preSolution
		HideSolutionNode = FALSE
	EndGlobalSection
	GlobalSection(ExtensibilityGlobals) = postSolution
		SolutionGuid = {C78123C5-A561-4D99-AF99-45644E7F60DC}
	EndGlobalSection
EndGlobal
